
Microsoft Visual Studio Solution File, Format Version 12.00
# Visual Studio Version 16
VisualStudioVersion = 16.0.31729.503
MinimumVisualStudioVersion = 10.0.40219.1
Project("{FAE04EC0-301F-11D3-BF4B-00C04F79EFBC}") = "WindowsFormsApp1", "WindowsFormsApp1\WindowsFormsApp1.csproj", "{90122F9A-BF56-4AB6-A11C-4502EFF8A42B}"
EndProject
Global
	GlobalSection(SolutionConfigurationPlatforms) = preSolution
		Debug|Any CPU = Debug|Any CPU
		Release|Any CPU = Release|Any CPU
	EndGlobalSection
	GlobalSection(ProjectConfigurationPlatforms) = postSolution
		{90122F9A-BF56-4AB6-A11C-4502EFF8A42B}.Debug|Any CPU.ActiveCfg = Debug|Any CPU
		{90122F9A-BF56-4AB6-A11C-4502EFF8A42B}.Debug|Any CPU.Build.0 = Debug|Any CPU
		{90122F9A-BF56-4AB6-A11C-4502EFF8A42B}.Release|Any CPU.ActiveCfg = Release|Any CPU
		{90122F9A-BF56-4AB6-A11C-4502EFF8A42B}.Release|Any CPU.Build.0 = Release|Any CPU
	EndGlobalSection
	GlobalSection(SolutionProperties) = preSolution
		HideSolutionNode = FALSE
	EndGlobalSection
	GlobalSection(ExtensibilityGlobals) = postSolution
		SolutionGuid = {FBFB12F2-7F6B-4229-84CC-408B744C0E41}
	EndGlobalSection
EndGlobal
